// !$*UTF8*$!
{
	archiveVersion = 1;
	classes = {
	};
	objectVersion = 48;
	objects = {

/* Begin PBXBuildFile section */
		3291DA477AF7DE020F5FA71D /* Pods_NearMeTests.framework in Frameworks */ = {isa = PBXBuildFile; fileRef = 4BE4AC65EA2C26AE4CC0D6D5 /* Pods_NearMeTests.framework */; };
		38F15ECD1F9410E70058C5E5 /* Home.storyboard in Resources */ = {isa = PBXBuildFile; fileRef = 38F15ECC1F9410E70058C5E5 /* Home.storyboard */; };
		38F15ED21F9411050058C5E5 /* HomeViewController.swift in Sources */ = {isa = PBXBuildFile; fileRef = 38F15ED01F9411050058C5E5 /* HomeViewController.swift */; };
		38F15ED41F9411460058C5E5 /* FeedCell.swift in Sources */ = {isa = PBXBuildFile; fileRef = 38F15ED31F9411460058C5E5 /* FeedCell.swift */; };
		6017343C1F970310009B757E /* Settings.storyboard in Resources */ = {isa = PBXBuildFile; fileRef = 6017343B1F970310009B757E /* Settings.storyboard */; };
		6017343E1F970355009B757E /* SettingsViewController.swift in Sources */ = {isa = PBXBuildFile; fileRef = 6017343D1F970355009B757E /* SettingsViewController.swift */; };
		601734401F970958009B757E /* SwitchCell.swift in Sources */ = {isa = PBXBuildFile; fileRef = 6017343F1F970958009B757E /* SwitchCell.swift */; };
		601734421F970CF6009B757E /* Settings.swift in Sources */ = {isa = PBXBuildFile; fileRef = 601734411F970CF6009B757E /* Settings.swift */; };
		602E13011F8DB33700E1C9EE /* ComposeViewController.swift in Sources */ = {isa = PBXBuildFile; fileRef = 602E13001F8DB33700E1C9EE /* ComposeViewController.swift */; };
		6059B9831F87FDA900280D4E /* AppDelegate.swift in Sources */ = {isa = PBXBuildFile; fileRef = 6059B9821F87FDA900280D4E /* AppDelegate.swift */; };
		6059B9881F87FDA900280D4E /* Main.storyboard in Resources */ = {isa = PBXBuildFile; fileRef = 6059B9861F87FDA900280D4E /* Main.storyboard */; };
		6059B98D1F87FDA900280D4E /* LaunchScreen.storyboard in Resources */ = {isa = PBXBuildFile; fileRef = 6059B98B1F87FDA900280D4E /* LaunchScreen.storyboard */; };
		6059B9981F87FDA900280D4E /* NearMeTests.swift in Sources */ = {isa = PBXBuildFile; fileRef = 6059B9971F87FDA900280D4E /* NearMeTests.swift */; };
		6059B9A31F87FDA900280D4E /* NearMeUITests.swift in Sources */ = {isa = PBXBuildFile; fileRef = 6059B9A21F87FDA900280D4E /* NearMeUITests.swift */; };
		60BD4B791F8DF1C2005A1FD8 /* Assets.xcassets in Resources */ = {isa = PBXBuildFile; fileRef = 60D178E51F8DEDEC007826FD /* Assets.xcassets */; };
		60DEBC4F1F8DB1D7005E15AF /* Compose.storyboard in Resources */ = {isa = PBXBuildFile; fileRef = 60DEBC4E1F8DB1D7005E15AF /* Compose.storyboard */; };
		8311EBE9815CD36F298F774A /* Pods_NearMeUITests.framework in Frameworks */ = {isa = PBXBuildFile; fileRef = 1C9A578DE613D51C2B721844 /* Pods_NearMeUITests.framework */; };
		9817E0801F8EFB2900D579A7 /* GeoService.swift in Sources */ = {isa = PBXBuildFile; fileRef = 9817E07F1F8EFB2900D579A7 /* GeoService.swift */; };
		9827821D1F8F4242008EEBD4 /* Location.swift in Sources */ = {isa = PBXBuildFile; fileRef = 9827821C1F8F4242008EEBD4 /* Location.swift */; };
		9827821E1F8F50A1008EEBD4 /* GoogleService-Info.plist in Resources */ = {isa = PBXBuildFile; fileRef = 98399A9B1F8C989800F8E67C /* GoogleService-Info.plist */; };
		9849D3F51F9D9ADD001CCE86 /* MapInfoWindow.xib in Resources */ = {isa = PBXBuildFile; fileRef = 9849D3F41F9D9ADD001CCE86 /* MapInfoWindow.xib */; };
		985004F21F8DDF6D0016FBB8 /* Post.swift in Sources */ = {isa = PBXBuildFile; fileRef = 985004F11F8DDF6D0016FBB8 /* Post.swift */; };
		985004F61F8DE4440016FBB8 /* ImageService.swift in Sources */ = {isa = PBXBuildFile; fileRef = 985004F51F8DE4440016FBB8 /* ImageService.swift */; };
		985004F81F8DE7840016FBB8 /* PostService.swift in Sources */ = {isa = PBXBuildFile; fileRef = 985004F71F8DE7840016FBB8 /* PostService.swift */; };
		986257901F9D9B8F00D4187C /* MapInfoWindow.swift in Sources */ = {isa = PBXBuildFile; fileRef = 9862578F1F9D9B8F00D4187C /* MapInfoWindow.swift */; };
		98A1A0AF1F99E3C1009B9971 /* NearMe.xcdatamodeld in Sources */ = {isa = PBXBuildFile; fileRef = 98A1A0AD1F99E3C1009B9971 /* NearMe.xcdatamodeld */; };
		98A1A0D21F99E642009B9971 /* LikeService.swift in Sources */ = {isa = PBXBuildFile; fileRef = 98A1A0D11F99E642009B9971 /* LikeService.swift */; };
		98F434251F8DF6CA005EAAB1 /* ServiceError.swift in Sources */ = {isa = PBXBuildFile; fileRef = 98F434241F8DF6CA005EAAB1 /* ServiceError.swift */; };
		98FBAE251F91DCFB00B817B6 /* PostGeo.swift in Sources */ = {isa = PBXBuildFile; fileRef = 98FBAE241F91DCFB00B817B6 /* PostGeo.swift */; };
		F52D22C5DA7FD76F1439129C /* Pods_NearMe.framework in Frameworks */ = {isa = PBXBuildFile; fileRef = 87A96454065B72D18292B3CE /* Pods_NearMe.framework */; };
/* End PBXBuildFile section */

/* Begin PBXContainerItemProxy section */
		6059B9941F87FDA900280D4E /* PBXContainerItemProxy */ = {
			isa = PBXContainerItemProxy;
			containerPortal = 6059B9771F87FDA900280D4E /* Project object */;
			proxyType = 1;
			remoteGlobalIDString = 6059B97E1F87FDA900280D4E;
			remoteInfo = NearMe;
		};
		6059B99F1F87FDA900280D4E /* PBXContainerItemProxy */ = {
			isa = PBXContainerItemProxy;
			containerPortal = 6059B9771F87FDA900280D4E /* Project object */;
			proxyType = 1;
			remoteGlobalIDString = 6059B97E1F87FDA900280D4E;
			remoteInfo = NearMe;
		};
/* End PBXContainerItemProxy section */

/* Begin PBXFileReference section */
		1C9A578DE613D51C2B721844 /* Pods_NearMeUITests.framework */ = {isa = PBXFileReference; explicitFileType = wrapper.framework; includeInIndex = 0; path = Pods_NearMeUITests.framework; sourceTree = BUILT_PRODUCTS_DIR; };
		257F302A1E9F365D4524E292 /* Pods-NearMeTests.release.xcconfig */ = {isa = PBXFileReference; includeInIndex = 1; lastKnownFileType = text.xcconfig; name = "Pods-NearMeTests.release.xcconfig"; path = "Pods/Target Support Files/Pods-NearMeTests/Pods-NearMeTests.release.xcconfig"; sourceTree = "<group>"; };
		268B40A1C9F18623DD508DA0 /* Pods-NearMeUITests.debug.xcconfig */ = {isa = PBXFileReference; includeInIndex = 1; lastKnownFileType = text.xcconfig; name = "Pods-NearMeUITests.debug.xcconfig"; path = "Pods/Target Support Files/Pods-NearMeUITests/Pods-NearMeUITests.debug.xcconfig"; sourceTree = "<group>"; };
		319BB219EAA2E030C4A7435D /* Pods-NearMeUITests.release.xcconfig */ = {isa = PBXFileReference; includeInIndex = 1; lastKnownFileType = text.xcconfig; name = "Pods-NearMeUITests.release.xcconfig"; path = "Pods/Target Support Files/Pods-NearMeUITests/Pods-NearMeUITests.release.xcconfig"; sourceTree = "<group>"; };
		38F15ECC1F9410E70058C5E5 /* Home.storyboard */ = {isa = PBXFileReference; fileEncoding = 4; lastKnownFileType = file.storyboard; path = Home.storyboard; sourceTree = "<group>"; };
		38F15ED01F9411050058C5E5 /* HomeViewController.swift */ = {isa = PBXFileReference; fileEncoding = 4; lastKnownFileType = sourcecode.swift; path = HomeViewController.swift; sourceTree = "<group>"; };
		38F15ED31F9411460058C5E5 /* FeedCell.swift */ = {isa = PBXFileReference; fileEncoding = 4; lastKnownFileType = sourcecode.swift; path = FeedCell.swift; sourceTree = "<group>"; };
		4BE4AC65EA2C26AE4CC0D6D5 /* Pods_NearMeTests.framework */ = {isa = PBXFileReference; explicitFileType = wrapper.framework; includeInIndex = 0; path = Pods_NearMeTests.framework; sourceTree = BUILT_PRODUCTS_DIR; };
		6017343B1F970310009B757E /* Settings.storyboard */ = {isa = PBXFileReference; lastKnownFileType = file.storyboard; path = Settings.storyboard; sourceTree = "<group>"; };
		6017343D1F970355009B757E /* SettingsViewController.swift */ = {isa = PBXFileReference; lastKnownFileType = sourcecode.swift; path = SettingsViewController.swift; sourceTree = "<group>"; };
		6017343F1F970958009B757E /* SwitchCell.swift */ = {isa = PBXFileReference; lastKnownFileType = sourcecode.swift; path = SwitchCell.swift; sourceTree = "<group>"; };
		601734411F970CF6009B757E /* Settings.swift */ = {isa = PBXFileReference; lastKnownFileType = sourcecode.swift; path = Settings.swift; sourceTree = "<group>"; };
		601734451F99237F009B757E /* AVFoundation.framework */ = {isa = PBXFileReference; lastKnownFileType = wrapper.framework; name = AVFoundation.framework; path = System/Library/Frameworks/AVFoundation.framework; sourceTree = SDKROOT; };
		601734471F992391009B757E /* CoreData.framework */ = {isa = PBXFileReference; lastKnownFileType = wrapper.framework; name = CoreData.framework; path = System/Library/Frameworks/CoreData.framework; sourceTree = SDKROOT; };
		601734491F99239A009B757E /* CoreLocation.framework */ = {isa = PBXFileReference; lastKnownFileType = wrapper.framework; name = CoreLocation.framework; path = System/Library/Frameworks/CoreLocation.framework; sourceTree = SDKROOT; };
		6017344B1F9923C9009B757E /* CoreText.framework */ = {isa = PBXFileReference; lastKnownFileType = wrapper.framework; name = CoreText.framework; path = System/Library/Frameworks/CoreText.framework; sourceTree = SDKROOT; };
		6017344D1F9923D0009B757E /* GLKit.framework */ = {isa = PBXFileReference; lastKnownFileType = wrapper.framework; name = GLKit.framework; path = System/Library/Frameworks/GLKit.framework; sourceTree = SDKROOT; };
		6017344F1F9923D7009B757E /* ImageIO.framework */ = {isa = PBXFileReference; lastKnownFileType = wrapper.framework; name = ImageIO.framework; path = System/Library/Frameworks/ImageIO.framework; sourceTree = SDKROOT; };
		601734511F9923FF009B757E /* OpenGLES.framework */ = {isa = PBXFileReference; lastKnownFileType = wrapper.framework; name = OpenGLES.framework; path = System/Library/Frameworks/OpenGLES.framework; sourceTree = SDKROOT; };
		601734531F99240A009B757E /* QuartzCore.framework */ = {isa = PBXFileReference; lastKnownFileType = wrapper.framework; name = QuartzCore.framework; path = System/Library/Frameworks/QuartzCore.framework; sourceTree = SDKROOT; };
		601734551F99243C009B757E /* libc++.tbd */ = {isa = PBXFileReference; lastKnownFileType = "sourcecode.text-based-dylib-definition"; name = "libc++.tbd"; path = "usr/lib/libc++.tbd"; sourceTree = SDKROOT; };
		601734571F992447009B757E /* libicucore.tbd */ = {isa = PBXFileReference; lastKnownFileType = "sourcecode.text-based-dylib-definition"; name = libicucore.tbd; path = usr/lib/libicucore.tbd; sourceTree = SDKROOT; };
		601734591F992451009B757E /* libz.tbd */ = {isa = PBXFileReference; lastKnownFileType = "sourcecode.text-based-dylib-definition"; name = libz.tbd; path = usr/lib/libz.tbd; sourceTree = SDKROOT; };
		6017345B1F99245B009B757E /* SystemConfiguration.framework */ = {isa = PBXFileReference; lastKnownFileType = wrapper.framework; name = SystemConfiguration.framework; path = System/Library/Frameworks/SystemConfiguration.framework; sourceTree = SDKROOT; };
		602E13001F8DB33700E1C9EE /* ComposeViewController.swift */ = {isa = PBXFileReference; lastKnownFileType = sourcecode.swift; path = ComposeViewController.swift; sourceTree = "<group>"; };
		6059B97F1F87FDA900280D4E /* NearMe.app */ = {isa = PBXFileReference; explicitFileType = wrapper.application; includeInIndex = 0; path = NearMe.app; sourceTree = BUILT_PRODUCTS_DIR; };
		6059B9821F87FDA900280D4E /* AppDelegate.swift */ = {isa = PBXFileReference; lastKnownFileType = sourcecode.swift; path = AppDelegate.swift; sourceTree = "<group>"; };
		6059B9871F87FDA900280D4E /* Base */ = {isa = PBXFileReference; lastKnownFileType = file.storyboard; name = Base; path = Base.lproj/Main.storyboard; sourceTree = "<group>"; };
		6059B98C1F87FDA900280D4E /* Base */ = {isa = PBXFileReference; lastKnownFileType = file.storyboard; name = Base; path = Base.lproj/LaunchScreen.storyboard; sourceTree = "<group>"; };
		6059B98E1F87FDA900280D4E /* Info.plist */ = {isa = PBXFileReference; lastKnownFileType = text.plist.xml; path = Info.plist; sourceTree = "<group>"; };
		6059B9931F87FDA900280D4E /* NearMeTests.xctest */ = {isa = PBXFileReference; explicitFileType = wrapper.cfbundle; includeInIndex = 0; path = NearMeTests.xctest; sourceTree = BUILT_PRODUCTS_DIR; };
		6059B9971F87FDA900280D4E /* NearMeTests.swift */ = {isa = PBXFileReference; lastKnownFileType = sourcecode.swift; path = NearMeTests.swift; sourceTree = "<group>"; };
		6059B9991F87FDA900280D4E /* Info.plist */ = {isa = PBXFileReference; lastKnownFileType = text.plist.xml; path = Info.plist; sourceTree = "<group>"; };
		6059B99E1F87FDA900280D4E /* NearMeUITests.xctest */ = {isa = PBXFileReference; explicitFileType = wrapper.cfbundle; includeInIndex = 0; path = NearMeUITests.xctest; sourceTree = BUILT_PRODUCTS_DIR; };
		6059B9A21F87FDA900280D4E /* NearMeUITests.swift */ = {isa = PBXFileReference; lastKnownFileType = sourcecode.swift; path = NearMeUITests.swift; sourceTree = "<group>"; };
		6059B9A41F87FDA900280D4E /* Info.plist */ = {isa = PBXFileReference; lastKnownFileType = text.plist.xml; path = Info.plist; sourceTree = "<group>"; };
		60D178E51F8DEDEC007826FD /* Assets.xcassets */ = {isa = PBXFileReference; lastKnownFileType = folder.assetcatalog; path = Assets.xcassets; sourceTree = "<group>"; };
		60DEBC4E1F8DB1D7005E15AF /* Compose.storyboard */ = {isa = PBXFileReference; lastKnownFileType = file.storyboard; path = Compose.storyboard; sourceTree = "<group>"; };
		6396F2D10D223E9498404B37 /* Pods-NearMeTests.debug.xcconfig */ = {isa = PBXFileReference; includeInIndex = 1; lastKnownFileType = text.xcconfig; name = "Pods-NearMeTests.debug.xcconfig"; path = "Pods/Target Support Files/Pods-NearMeTests/Pods-NearMeTests.debug.xcconfig"; sourceTree = "<group>"; };
		87A96454065B72D18292B3CE /* Pods_NearMe.framework */ = {isa = PBXFileReference; explicitFileType = wrapper.framework; includeInIndex = 0; path = Pods_NearMe.framework; sourceTree = BUILT_PRODUCTS_DIR; };
		9817E07F1F8EFB2900D579A7 /* GeoService.swift */ = {isa = PBXFileReference; lastKnownFileType = sourcecode.swift; path = GeoService.swift; sourceTree = "<group>"; };
		9827821C1F8F4242008EEBD4 /* Location.swift */ = {isa = PBXFileReference; lastKnownFileType = sourcecode.swift; path = Location.swift; sourceTree = "<group>"; };
		98399A9B1F8C989800F8E67C /* GoogleService-Info.plist */ = {isa = PBXFileReference; lastKnownFileType = text.plist.xml; path = "GoogleService-Info.plist"; sourceTree = "<group>"; };
		9849D3F41F9D9ADD001CCE86 /* MapInfoWindow.xib */ = {isa = PBXFileReference; fileEncoding = 4; lastKnownFileType = file.xib; path = MapInfoWindow.xib; sourceTree = "<group>"; };
		985004F11F8DDF6D0016FBB8 /* Post.swift */ = {isa = PBXFileReference; lastKnownFileType = sourcecode.swift; path = Post.swift; sourceTree = "<group>"; };
		985004F51F8DE4440016FBB8 /* ImageService.swift */ = {isa = PBXFileReference; lastKnownFileType = sourcecode.swift; path = ImageService.swift; sourceTree = "<group>"; };
		985004F71F8DE7840016FBB8 /* PostService.swift */ = {isa = PBXFileReference; lastKnownFileType = sourcecode.swift; path = PostService.swift; sourceTree = "<group>"; };
		9862578F1F9D9B8F00D4187C /* MapInfoWindow.swift */ = {isa = PBXFileReference; lastKnownFileType = sourcecode.swift; name = MapInfoWindow.swift; path = /Users/ye/XcodeProjects/NearMe/NearMe/View/MapInfoWindow.swift; sourceTree = "<absolute>"; };
		98A1A0AE1F99E3C1009B9971 /* NearMe.xcdatamodel */ = {isa = PBXFileReference; lastKnownFileType = wrapper.xcdatamodel; path = NearMe.xcdatamodel; sourceTree = "<group>"; };
		98A1A0D11F99E642009B9971 /* LikeService.swift */ = {isa = PBXFileReference; lastKnownFileType = sourcecode.swift; path = LikeService.swift; sourceTree = "<group>"; };
		98F434241F8DF6CA005EAAB1 /* ServiceError.swift */ = {isa = PBXFileReference; lastKnownFileType = sourcecode.swift; path = ServiceError.swift; sourceTree = "<group>"; };
		98FBAE241F91DCFB00B817B6 /* PostGeo.swift */ = {isa = PBXFileReference; lastKnownFileType = sourcecode.swift; path = PostGeo.swift; sourceTree = "<group>"; };
		D34B42FC7A6050B9C027FBAB /* Pods-NearMe.release.xcconfig */ = {isa = PBXFileReference; includeInIndex = 1; lastKnownFileType = text.xcconfig; name = "Pods-NearMe.release.xcconfig"; path = "Pods/Target Support Files/Pods-NearMe/Pods-NearMe.release.xcconfig"; sourceTree = "<group>"; };
		EE37D112EC0725C1AD7A901E /* Pods-NearMe.debug.xcconfig */ = {isa = PBXFileReference; includeInIndex = 1; lastKnownFileType = text.xcconfig; name = "Pods-NearMe.debug.xcconfig"; path = "Pods/Target Support Files/Pods-NearMe/Pods-NearMe.debug.xcconfig"; sourceTree = "<group>"; };
/* End PBXFileReference section */

/* Begin PBXFrameworksBuildPhase section */
		6059B97C1F87FDA900280D4E /* Frameworks */ = {
			isa = PBXFrameworksBuildPhase;
			buildActionMask = 2147483647;
			files = (
				F52D22C5DA7FD76F1439129C /* Pods_NearMe.framework in Frameworks */,
			);
			runOnlyForDeploymentPostprocessing = 0;
		};
		6059B9901F87FDA900280D4E /* Frameworks */ = {
			isa = PBXFrameworksBuildPhase;
			buildActionMask = 2147483647;
			files = (
				3291DA477AF7DE020F5FA71D /* Pods_NearMeTests.framework in Frameworks */,
			);
			runOnlyForDeploymentPostprocessing = 0;
		};
		6059B99B1F87FDA900280D4E /* Frameworks */ = {
			isa = PBXFrameworksBuildPhase;
			buildActionMask = 2147483647;
			files = (
				8311EBE9815CD36F298F774A /* Pods_NearMeUITests.framework in Frameworks */,
			);
			runOnlyForDeploymentPostprocessing = 0;
		};
/* End PBXFrameworksBuildPhase section */

/* Begin PBXGroup section */
		38F15ECB1F9410E70058C5E5 /* View */ = {
			isa = PBXGroup;
			children = (
				9849D3F41F9D9ADD001CCE86 /* MapInfoWindow.xib */,
				9862578F1F9D9B8F00D4187C /* MapInfoWindow.swift */,
				38F15ED31F9411460058C5E5 /* FeedCell.swift */,
				38F15ECC1F9410E70058C5E5 /* Home.storyboard */,
				6017343B1F970310009B757E /* Settings.storyboard */,
				6017343F1F970958009B757E /* SwitchCell.swift */,
				60DEBC4E1F8DB1D7005E15AF /* Compose.storyboard */,
			);
			path = View;
			sourceTree = "<group>";
		};
		38F15ECE1F9411050058C5E5 /* View Controller */ = {
			isa = PBXGroup;
			children = (
				38F15ED01F9411050058C5E5 /* HomeViewController.swift */,
				6017343D1F970355009B757E /* SettingsViewController.swift */,
				602E13001F8DB33700E1C9EE /* ComposeViewController.swift */,
			);
			path = "View Controller";
			sourceTree = "<group>";
		};
		6059B9761F87FDA900280D4E = {
			isa = PBXGroup;
			children = (
				6059B9811F87FDA900280D4E /* NearMe */,
				6059B9961F87FDA900280D4E /* NearMeTests */,
				6059B9A11F87FDA900280D4E /* NearMeUITests */,
				6059B9801F87FDA900280D4E /* Products */,
				63D1C38733290227BD172FCF /* Pods */,
				6536129C5193FE58F7E9C9ED /* Frameworks */,
			);
			sourceTree = "<group>";
		};
		6059B9801F87FDA900280D4E /* Products */ = {
			isa = PBXGroup;
			children = (
				6059B97F1F87FDA900280D4E /* NearMe.app */,
				6059B9931F87FDA900280D4E /* NearMeTests.xctest */,
				6059B99E1F87FDA900280D4E /* NearMeUITests.xctest */,
			);
			name = Products;
			sourceTree = "<group>";
		};
		6059B9811F87FDA900280D4E /* NearMe */ = {
			isa = PBXGroup;
			children = (
				38F15ECE1F9411050058C5E5 /* View Controller */,
				38F15ECB1F9410E70058C5E5 /* View */,
				98F434231F8DF5DD005EAAB1 /* Utils */,
				985004F41F8DE31B0016FBB8 /* Services */,
				985004F01F8DDF4E0016FBB8 /* Models */,
				6059B9821F87FDA900280D4E /* AppDelegate.swift */,
				6059B9861F87FDA900280D4E /* Main.storyboard */,
				60D178E51F8DEDEC007826FD /* Assets.xcassets */,
				6059B98B1F87FDA900280D4E /* LaunchScreen.storyboard */,
				6059B98E1F87FDA900280D4E /* Info.plist */,
				98399A9B1F8C989800F8E67C /* GoogleService-Info.plist */,
			);
			path = NearMe;
			sourceTree = "<group>";
		};
		6059B9961F87FDA900280D4E /* NearMeTests */ = {
			isa = PBXGroup;
			children = (
				6059B9971F87FDA900280D4E /* NearMeTests.swift */,
				6059B9991F87FDA900280D4E /* Info.plist */,
			);
			path = NearMeTests;
			sourceTree = "<group>";
		};
		6059B9A11F87FDA900280D4E /* NearMeUITests */ = {
			isa = PBXGroup;
			children = (
				6059B9A21F87FDA900280D4E /* NearMeUITests.swift */,
				6059B9A41F87FDA900280D4E /* Info.plist */,
			);
			path = NearMeUITests;
			sourceTree = "<group>";
		};
		63D1C38733290227BD172FCF /* Pods */ = {
			isa = PBXGroup;
			children = (
				EE37D112EC0725C1AD7A901E /* Pods-NearMe.debug.xcconfig */,
				D34B42FC7A6050B9C027FBAB /* Pods-NearMe.release.xcconfig */,
				6396F2D10D223E9498404B37 /* Pods-NearMeTests.debug.xcconfig */,
				257F302A1E9F365D4524E292 /* Pods-NearMeTests.release.xcconfig */,
				268B40A1C9F18623DD508DA0 /* Pods-NearMeUITests.debug.xcconfig */,
				319BB219EAA2E030C4A7435D /* Pods-NearMeUITests.release.xcconfig */,
			);
			name = Pods;
			sourceTree = "<group>";
		};
		6536129C5193FE58F7E9C9ED /* Frameworks */ = {
			isa = PBXGroup;
			children = (
				6017345B1F99245B009B757E /* SystemConfiguration.framework */,
				601734591F992451009B757E /* libz.tbd */,
				601734571F992447009B757E /* libicucore.tbd */,
				601734551F99243C009B757E /* libc++.tbd */,
				601734531F99240A009B757E /* QuartzCore.framework */,
				601734511F9923FF009B757E /* OpenGLES.framework */,
				6017344F1F9923D7009B757E /* ImageIO.framework */,
				6017344D1F9923D0009B757E /* GLKit.framework */,
				6017344B1F9923C9009B757E /* CoreText.framework */,
				601734491F99239A009B757E /* CoreLocation.framework */,
				601734471F992391009B757E /* CoreData.framework */,
				601734451F99237F009B757E /* AVFoundation.framework */,
				87A96454065B72D18292B3CE /* Pods_NearMe.framework */,
				4BE4AC65EA2C26AE4CC0D6D5 /* Pods_NearMeTests.framework */,
				1C9A578DE613D51C2B721844 /* Pods_NearMeUITests.framework */,
			);
			name = Frameworks;
			sourceTree = "<group>";
		};
		985004F01F8DDF4E0016FBB8 /* Models */ = {
			isa = PBXGroup;
			children = (
				985004F11F8DDF6D0016FBB8 /* Post.swift */,
				9827821C1F8F4242008EEBD4 /* Location.swift */,
				98FBAE241F91DCFB00B817B6 /* PostGeo.swift */,
				601734411F970CF6009B757E /* Settings.swift */,
				98A1A0AD1F99E3C1009B9971 /* NearMe.xcdatamodeld */,
			);
			name = Models;
			sourceTree = "<group>";
		};
		985004F41F8DE31B0016FBB8 /* Services */ = {
			isa = PBXGroup;
			children = (
				985004F51F8DE4440016FBB8 /* ImageService.swift */,
				985004F71F8DE7840016FBB8 /* PostService.swift */,
				9817E07F1F8EFB2900D579A7 /* GeoService.swift */,
				98A1A0D11F99E642009B9971 /* LikeService.swift */,
			);
			name = Services;
			sourceTree = "<group>";
		};
		98F434231F8DF5DD005EAAB1 /* Utils */ = {
			isa = PBXGroup;
			children = (
				98F434241F8DF6CA005EAAB1 /* ServiceError.swift */,
			);
			name = Utils;
			sourceTree = "<group>";
		};
/* End PBXGroup section */

/* Begin PBXNativeTarget section */
		6059B97E1F87FDA900280D4E /* NearMe */ = {
			isa = PBXNativeTarget;
			buildConfigurationList = 6059B9A71F87FDA900280D4E /* Build configuration list for PBXNativeTarget "NearMe" */;
			buildPhases = (
				6763DBFDD763B766D818A685 /* [CP] Check Pods Manifest.lock */,
				6059B97B1F87FDA900280D4E /* Sources */,
				6059B97C1F87FDA900280D4E /* Frameworks */,
				6059B97D1F87FDA900280D4E /* Resources */,
				AA4132A25303233D269AB0FD /* [CP] Embed Pods Frameworks */,
				7F0A4ADF103AFECC2467FB46 /* [CP] Copy Pods Resources */,
			);
			buildRules = (
			);
			dependencies = (
			);
			name = NearMe;
			productName = NearMe;
			productReference = 6059B97F1F87FDA900280D4E /* NearMe.app */;
			productType = "com.apple.product-type.application";
		};
		6059B9921F87FDA900280D4E /* NearMeTests */ = {
			isa = PBXNativeTarget;
			buildConfigurationList = 6059B9AA1F87FDA900280D4E /* Build configuration list for PBXNativeTarget "NearMeTests" */;
			buildPhases = (
				1A15076554465A4532EE0A37 /* [CP] Check Pods Manifest.lock */,
				6059B98F1F87FDA900280D4E /* Sources */,
				6059B9901F87FDA900280D4E /* Frameworks */,
				6059B9911F87FDA900280D4E /* Resources */,
				351FE0F1D560C698E7258EC4 /* [CP] Embed Pods Frameworks */,
				575166E22505D57E4FF9D4F0 /* [CP] Copy Pods Resources */,
			);
			buildRules = (
			);
			dependencies = (
				6059B9951F87FDA900280D4E /* PBXTargetDependency */,
			);
			name = NearMeTests;
			productName = NearMeTests;
			productReference = 6059B9931F87FDA900280D4E /* NearMeTests.xctest */;
			productType = "com.apple.product-type.bundle.unit-test";
		};
		6059B99D1F87FDA900280D4E /* NearMeUITests */ = {
			isa = PBXNativeTarget;
			buildConfigurationList = 6059B9AD1F87FDA900280D4E /* Build configuration list for PBXNativeTarget "NearMeUITests" */;
			buildPhases = (
				1110B61050EB78768BB503CF /* [CP] Check Pods Manifest.lock */,
				6059B99A1F87FDA900280D4E /* Sources */,
				6059B99B1F87FDA900280D4E /* Frameworks */,
				6059B99C1F87FDA900280D4E /* Resources */,
				F9BFC5DF856C2D2A459037B9 /* [CP] Embed Pods Frameworks */,
				0AB948B434249DA4796CF74D /* [CP] Copy Pods Resources */,
			);
			buildRules = (
			);
			dependencies = (
				6059B9A01F87FDA900280D4E /* PBXTargetDependency */,
			);
			name = NearMeUITests;
			productName = NearMeUITests;
			productReference = 6059B99E1F87FDA900280D4E /* NearMeUITests.xctest */;
			productType = "com.apple.product-type.bundle.ui-testing";
		};
/* End PBXNativeTarget section */

/* Begin PBXProject section */
		6059B9771F87FDA900280D4E /* Project object */ = {
			isa = PBXProject;
			attributes = {
				LastSwiftUpdateCheck = 0900;
				LastUpgradeCheck = 0900;
				ORGANIZATIONNAME = ycyteam;
				TargetAttributes = {
					6059B97E1F87FDA900280D4E = {
						CreatedOnToolsVersion = 9.0;
						ProvisioningStyle = Automatic;
					};
					6059B9921F87FDA900280D4E = {
						CreatedOnToolsVersion = 9.0;
						ProvisioningStyle = Automatic;
						TestTargetID = 6059B97E1F87FDA900280D4E;
					};
					6059B99D1F87FDA900280D4E = {
						CreatedOnToolsVersion = 9.0;
						ProvisioningStyle = Automatic;
						TestTargetID = 6059B97E1F87FDA900280D4E;
					};
				};
			};
			buildConfigurationList = 6059B97A1F87FDA900280D4E /* Build configuration list for PBXProject "NearMe" */;
			compatibilityVersion = "Xcode 8.0";
			developmentRegion = en;
			hasScannedForEncodings = 0;
			knownRegions = (
				en,
				Base,
			);
			mainGroup = 6059B9761F87FDA900280D4E;
			productRefGroup = 6059B9801F87FDA900280D4E /* Products */;
			projectDirPath = "";
			projectRoot = "";
			targets = (
				6059B97E1F87FDA900280D4E /* NearMe */,
				6059B9921F87FDA900280D4E /* NearMeTests */,
				6059B99D1F87FDA900280D4E /* NearMeUITests */,
			);
		};
/* End PBXProject section */

/* Begin PBXResourcesBuildPhase section */
		6059B97D1F87FDA900280D4E /* Resources */ = {
			isa = PBXResourcesBuildPhase;
			buildActionMask = 2147483647;
			files = (
				6059B98D1F87FDA900280D4E /* LaunchScreen.storyboard in Resources */,
				9827821E1F8F50A1008EEBD4 /* GoogleService-Info.plist in Resources */,
				6059B9881F87FDA900280D4E /* Main.storyboard in Resources */,
				38F15ECD1F9410E70058C5E5 /* Home.storyboard in Resources */,
				9849D3F51F9D9ADD001CCE86 /* MapInfoWindow.xib in Resources */,
				60BD4B791F8DF1C2005A1FD8 /* Assets.xcassets in Resources */,
				60DEBC4F1F8DB1D7005E15AF /* Compose.storyboard in Resources */,
				6017343C1F970310009B757E /* Settings.storyboard in Resources */,
			);
			runOnlyForDeploymentPostprocessing = 0;
		};
		6059B9911F87FDA900280D4E /* Resources */ = {
			isa = PBXResourcesBuildPhase;
			buildActionMask = 2147483647;
			files = (
			);
			runOnlyForDeploymentPostprocessing = 0;
		};
		6059B99C1F87FDA900280D4E /* Resources */ = {
			isa = PBXResourcesBuildPhase;
			buildActionMask = 2147483647;
			files = (
			);
			runOnlyForDeploymentPostprocessing = 0;
		};
/* End PBXResourcesBuildPhase section */

/* Begin PBXShellScriptBuildPhase section */
		0AB948B434249DA4796CF74D /* [CP] Copy Pods Resources */ = {
			isa = PBXShellScriptBuildPhase;
			buildActionMask = 2147483647;
			files = (
			);
			inputPaths = (
			);
			name = "[CP] Copy Pods Resources";
			outputPaths = (
			);
			runOnlyForDeploymentPostprocessing = 0;
			shellPath = /bin/sh;
			shellScript = "\"${SRCROOT}/Pods/Target Support Files/Pods-NearMeUITests/Pods-NearMeUITests-resources.sh\"\n";
			showEnvVarsInLog = 0;
		};
		1110B61050EB78768BB503CF /* [CP] Check Pods Manifest.lock */ = {
			isa = PBXShellScriptBuildPhase;
			buildActionMask = 2147483647;
			files = (
			);
			inputPaths = (
				"${PODS_PODFILE_DIR_PATH}/Podfile.lock",
				"${PODS_ROOT}/Manifest.lock",
			);
			name = "[CP] Check Pods Manifest.lock";
			outputPaths = (
				"$(DERIVED_FILE_DIR)/Pods-NearMeUITests-checkManifestLockResult.txt",
			);
			runOnlyForDeploymentPostprocessing = 0;
			shellPath = /bin/sh;
			shellScript = "diff \"${PODS_PODFILE_DIR_PATH}/Podfile.lock\" \"${PODS_ROOT}/Manifest.lock\" > /dev/null\nif [ $? != 0 ] ; then\n    # print error to STDERR\n    echo \"error: The sandbox is not in sync with the Podfile.lock. Run 'pod install' or update your CocoaPods installation.\" >&2\n    exit 1\nfi\n# This output is used by Xcode 'outputs' to avoid re-running this script phase.\necho \"SUCCESS\" > \"${SCRIPT_OUTPUT_FILE_0}\"\n";
			showEnvVarsInLog = 0;
		};
		1A15076554465A4532EE0A37 /* [CP] Check Pods Manifest.lock */ = {
			isa = PBXShellScriptBuildPhase;
			buildActionMask = 2147483647;
			files = (
			);
			inputPaths = (
				"${PODS_PODFILE_DIR_PATH}/Podfile.lock",
				"${PODS_ROOT}/Manifest.lock",
			);
			name = "[CP] Check Pods Manifest.lock";
			outputPaths = (
				"$(DERIVED_FILE_DIR)/Pods-NearMeTests-checkManifestLockResult.txt",
			);
			runOnlyForDeploymentPostprocessing = 0;
			shellPath = /bin/sh;
			shellScript = "diff \"${PODS_PODFILE_DIR_PATH}/Podfile.lock\" \"${PODS_ROOT}/Manifest.lock\" > /dev/null\nif [ $? != 0 ] ; then\n    # print error to STDERR\n    echo \"error: The sandbox is not in sync with the Podfile.lock. Run 'pod install' or update your CocoaPods installation.\" >&2\n    exit 1\nfi\n# This output is used by Xcode 'outputs' to avoid re-running this script phase.\necho \"SUCCESS\" > \"${SCRIPT_OUTPUT_FILE_0}\"\n";
			showEnvVarsInLog = 0;
		};
		351FE0F1D560C698E7258EC4 /* [CP] Embed Pods Frameworks */ = {
			isa = PBXShellScriptBuildPhase;
			buildActionMask = 2147483647;
			files = (
			);
			inputPaths = (
			);
			name = "[CP] Embed Pods Frameworks";
			outputPaths = (
			);
			runOnlyForDeploymentPostprocessing = 0;
			shellPath = /bin/sh;
			shellScript = "\"${SRCROOT}/Pods/Target Support Files/Pods-NearMeTests/Pods-NearMeTests-frameworks.sh\"\n";
			showEnvVarsInLog = 0;
		};
		575166E22505D57E4FF9D4F0 /* [CP] Copy Pods Resources */ = {
			isa = PBXShellScriptBuildPhase;
			buildActionMask = 2147483647;
			files = (
			);
			inputPaths = (
			);
			name = "[CP] Copy Pods Resources";
			outputPaths = (
			);
			runOnlyForDeploymentPostprocessing = 0;
			shellPath = /bin/sh;
			shellScript = "\"${SRCROOT}/Pods/Target Support Files/Pods-NearMeTests/Pods-NearMeTests-resources.sh\"\n";
			showEnvVarsInLog = 0;
		};
		6763DBFDD763B766D818A685 /* [CP] Check Pods Manifest.lock */ = {
			isa = PBXShellScriptBuildPhase;
			buildActionMask = 2147483647;
			files = (
			);
			inputPaths = (
				"${PODS_PODFILE_DIR_PATH}/Podfile.lock",
				"${PODS_ROOT}/Manifest.lock",
			);
			name = "[CP] Check Pods Manifest.lock";
			outputPaths = (
				"$(DERIVED_FILE_DIR)/Pods-NearMe-checkManifestLockResult.txt",
			);
			runOnlyForDeploymentPostprocessing = 0;
			shellPath = /bin/sh;
			shellScript = "diff \"${PODS_PODFILE_DIR_PATH}/Podfile.lock\" \"${PODS_ROOT}/Manifest.lock\" > /dev/null\nif [ $? != 0 ] ; then\n    # print error to STDERR\n    echo \"error: The sandbox is not in sync with the Podfile.lock. Run 'pod install' or update your CocoaPods installation.\" >&2\n    exit 1\nfi\n# This output is used by Xcode 'outputs' to avoid re-running this script phase.\necho \"SUCCESS\" > \"${SCRIPT_OUTPUT_FILE_0}\"\n";
			showEnvVarsInLog = 0;
		};
		7F0A4ADF103AFECC2467FB46 /* [CP] Copy Pods Resources */ = {
			isa = PBXShellScriptBuildPhase;
			buildActionMask = 2147483647;
			files = (
			);
			inputPaths = (
				"${SRCROOT}/Pods/Target Support Files/Pods-NearMe/Pods-NearMe-resources.sh",
				"${PODS_ROOT}/GoogleMaps/Maps/Frameworks/GoogleMaps.framework/Resources/GoogleMaps.bundle",
				"${PODS_ROOT}/GooglePlacePicker/Frameworks/GooglePlacePicker.framework/Resources/GooglePlacePicker.bundle",
				"${PODS_ROOT}/GooglePlaces/Frameworks/GooglePlaces.framework/Resources/GooglePlaces.bundle",
			);
			name = "[CP] Copy Pods Resources";
			outputPaths = (
				"${TARGET_BUILD_DIR}/${UNLOCALIZED_RESOURCES_FOLDER_PATH}",
			);
			runOnlyForDeploymentPostprocessing = 0;
			shellPath = /bin/sh;
			shellScript = "\"${SRCROOT}/Pods/Target Support Files/Pods-NearMe/Pods-NearMe-resources.sh\"\n";
			showEnvVarsInLog = 0;
		};
		AA4132A25303233D269AB0FD /* [CP] Embed Pods Frameworks */ = {
			isa = PBXShellScriptBuildPhase;
			buildActionMask = 2147483647;
			files = (
			);
			inputPaths = (
				"${SRCROOT}/Pods/Target Support Files/Pods-NearMe/Pods-NearMe-frameworks.sh",
				"${BUILT_PRODUCTS_DIR}/AFNetworking/AFNetworking.framework",
				"${BUILT_PRODUCTS_DIR}/DACircularProgress/DACircularProgress.framework",
				"${BUILT_PRODUCTS_DIR}/FLEX/FLEX.framework",
				"${BUILT_PRODUCTS_DIR}/GTMSessionFetcher/GTMSessionFetcher.framework",
				"${BUILT_PRODUCTS_DIR}/GeoFire/GeoFire.framework",
				"${BUILT_PRODUCTS_DIR}/GoogleToolboxForMac/GoogleToolboxForMac.framework",
				"${BUILT_PRODUCTS_DIR}/IDMPhotoBrowser/IDMPhotoBrowser.framework",
				"${BUILT_PRODUCTS_DIR}/ImagePicker/ImagePicker.framework",
				"${BUILT_PRODUCTS_DIR}/MagicalRecord/MagicalRecord.framework",
				"${BUILT_PRODUCTS_DIR}/NSDateMinimalTimeAgo/NSDateMinimalTimeAgo.framework",
				"${BUILT_PRODUCTS_DIR}/PromiseKit/PromiseKit.framework",
				"${BUILT_PRODUCTS_DIR}/RAMAnimatedTabBarController/RAMAnimatedTabBarController.framework",
				"${BUILT_PRODUCTS_DIR}/SDWebImage/SDWebImage.framework",
				"${BUILT_PRODUCTS_DIR}/SwiftyBeaver/SwiftyBeaver.framework",
				"${BUILT_PRODUCTS_DIR}/UITextView+Placeholder/UITextView_Placeholder.framework",
				"${BUILT_PRODUCTS_DIR}/leveldb-library/leveldb.framework",
				"${BUILT_PRODUCTS_DIR}/nanopb/nanopb.framework",
				"${BUILT_PRODUCTS_DIR}/pop/pop.framework",
			);
			name = "[CP] Embed Pods Frameworks";
			outputPaths = (
				"${TARGET_BUILD_DIR}/${FRAMEWORKS_FOLDER_PATH}/AFNetworking.framework",
				"${TARGET_BUILD_DIR}/${FRAMEWORKS_FOLDER_PATH}/DACircularProgress.framework",
				"${TARGET_BUILD_DIR}/${FRAMEWORKS_FOLDER_PATH}/FLEX.framework",
				"${TARGET_BUILD_DIR}/${FRAMEWORKS_FOLDER_PATH}/GTMSessionFetcher.framework",
				"${TARGET_BUILD_DIR}/${FRAMEWORKS_FOLDER_PATH}/GeoFire.framework",
				"${TARGET_BUILD_DIR}/${FRAMEWORKS_FOLDER_PATH}/GoogleToolboxForMac.framework",
				"${TARGET_BUILD_DIR}/${FRAMEWORKS_FOLDER_PATH}/IDMPhotoBrowser.framework",
				"${TARGET_BUILD_DIR}/${FRAMEWORKS_FOLDER_PATH}/ImagePicker.framework",
				"${TARGET_BUILD_DIR}/${FRAMEWORKS_FOLDER_PATH}/MagicalRecord.framework",
				"${TARGET_BUILD_DIR}/${FRAMEWORKS_FOLDER_PATH}/NSDateMinimalTimeAgo.framework",
				"${TARGET_BUILD_DIR}/${FRAMEWORKS_FOLDER_PATH}/PromiseKit.framework",
				"${TARGET_BUILD_DIR}/${FRAMEWORKS_FOLDER_PATH}/RAMAnimatedTabBarController.framework",
				"${TARGET_BUILD_DIR}/${FRAMEWORKS_FOLDER_PATH}/SDWebImage.framework",
				"${TARGET_BUILD_DIR}/${FRAMEWORKS_FOLDER_PATH}/SwiftyBeaver.framework",
				"${TARGET_BUILD_DIR}/${FRAMEWORKS_FOLDER_PATH}/UITextView_Placeholder.framework",
				"${TARGET_BUILD_DIR}/${FRAMEWORKS_FOLDER_PATH}/leveldb.framework",
				"${TARGET_BUILD_DIR}/${FRAMEWORKS_FOLDER_PATH}/nanopb.framework",
				"${TARGET_BUILD_DIR}/${FRAMEWORKS_FOLDER_PATH}/pop.framework",
			);
			runOnlyForDeploymentPostprocessing = 0;
			shellPath = /bin/sh;
			shellScript = "\"${SRCROOT}/Pods/Target Support Files/Pods-NearMe/Pods-NearMe-frameworks.sh\"\n";
			showEnvVarsInLog = 0;
		};
		F9BFC5DF856C2D2A459037B9 /* [CP] Embed Pods Frameworks */ = {
			isa = PBXShellScriptBuildPhase;
			buildActionMask = 2147483647;
			files = (
			);
			inputPaths = (
			);
			name = "[CP] Embed Pods Frameworks";
			outputPaths = (
			);
			runOnlyForDeploymentPostprocessing = 0;
			shellPath = /bin/sh;
			shellScript = "\"${SRCROOT}/Pods/Target Support Files/Pods-NearMeUITests/Pods-NearMeUITests-frameworks.sh\"\n";
			showEnvVarsInLog = 0;
		};
/* End PBXShellScriptBuildPhase section */

/* Begin PBXSourcesBuildPhase section */
		6059B97B1F87FDA900280D4E /* Sources */ = {
			isa = PBXSourcesBuildPhase;
			buildActionMask = 2147483647;
			files = (
				98F434251F8DF6CA005EAAB1 /* ServiceError.swift in Sources */,
				985004F81F8DE7840016FBB8 /* PostService.swift in Sources */,
				98A1A0D21F99E642009B9971 /* LikeService.swift in Sources */,
				9827821D1F8F4242008EEBD4 /* Location.swift in Sources */,
				601734401F970958009B757E /* SwitchCell.swift in Sources */,
				9817E0801F8EFB2900D579A7 /* GeoService.swift in Sources */,
				38F15ED41F9411460058C5E5 /* FeedCell.swift in Sources */,
				985004F61F8DE4440016FBB8 /* ImageService.swift in Sources */,
				985004F21F8DDF6D0016FBB8 /* Post.swift in Sources */,
				601734421F970CF6009B757E /* Settings.swift in Sources */,
				38F15ED21F9411050058C5E5 /* HomeViewController.swift in Sources */,
				986257901F9D9B8F00D4187C /* MapInfoWindow.swift in Sources */,
				98A1A0AF1F99E3C1009B9971 /* NearMe.xcdatamodeld in Sources */,
				6059B9831F87FDA900280D4E /* AppDelegate.swift in Sources */,
				6017343E1F970355009B757E /* SettingsViewController.swift in Sources */,
				98FBAE251F91DCFB00B817B6 /* PostGeo.swift in Sources */,
				602E13011F8DB33700E1C9EE /* ComposeViewController.swift in Sources */,
			);
			runOnlyForDeploymentPostprocessing = 0;
		};
		6059B98F1F87FDA900280D4E /* Sources */ = {
			isa = PBXSourcesBuildPhase;
			buildActionMask = 2147483647;
			files = (
				6059B9981F87FDA900280D4E /* NearMeTests.swift in Sources */,
			);
			runOnlyForDeploymentPostprocessing = 0;
		};
		6059B99A1F87FDA900280D4E /* Sources */ = {
			isa = PBXSourcesBuildPhase;
			buildActionMask = 2147483647;
			files = (
				6059B9A31F87FDA900280D4E /* NearMeUITests.swift in Sources */,
			);
			runOnlyForDeploymentPostprocessing = 0;
		};
/* End PBXSourcesBuildPhase section */

/* Begin PBXTargetDependency section */
		6059B9951F87FDA900280D4E /* PBXTargetDependency */ = {
			isa = PBXTargetDependency;
			target = 6059B97E1F87FDA900280D4E /* NearMe */;
			targetProxy = 6059B9941F87FDA900280D4E /* PBXContainerItemProxy */;
		};
		6059B9A01F87FDA900280D4E /* PBXTargetDependency */ = {
			isa = PBXTargetDependency;
			target = 6059B97E1F87FDA900280D4E /* NearMe */;
			targetProxy = 6059B99F1F87FDA900280D4E /* PBXContainerItemProxy */;
		};
/* End PBXTargetDependency section */

/* Begin PBXVariantGroup section */
		6059B9861F87FDA900280D4E /* Main.storyboard */ = {
			isa = PBXVariantGroup;
			children = (
				6059B9871F87FDA900280D4E /* Base */,
			);
			name = Main.storyboard;
			sourceTree = "<group>";
		};
		6059B98B1F87FDA900280D4E /* LaunchScreen.storyboard */ = {
			isa = PBXVariantGroup;
			children = (
				6059B98C1F87FDA900280D4E /* Base */,
			);
			name = LaunchScreen.storyboard;
			sourceTree = "<group>";
		};
/* End PBXVariantGroup section */

/* Begin XCBuildConfiguration section */
		6059B9A51F87FDA900280D4E /* Debug */ = {
			isa = XCBuildConfiguration;
			buildSettings = {
				ALWAYS_SEARCH_USER_PATHS = NO;
				CLANG_ANALYZER_NONNULL = YES;
				CLANG_ANALYZER_NUMBER_OBJECT_CONVERSION = YES_AGGRESSIVE;
				CLANG_CXX_LANGUAGE_STANDARD = "gnu++14";
				CLANG_CXX_LIBRARY = "libc++";
				CLANG_ENABLE_MODULES = YES;
				CLANG_ENABLE_OBJC_ARC = YES;
				CLANG_WARN_BLOCK_CAPTURE_AUTORELEASING = YES;
				CLANG_WARN_BOOL_CONVERSION = YES;
				CLANG_WARN_COMMA = YES;
				CLANG_WARN_CONSTANT_CONVERSION = YES;
				CLANG_WARN_DIRECT_OBJC_ISA_USAGE = YES_ERROR;
				CLANG_WARN_DOCUMENTATION_COMMENTS = YES;
				CLANG_WARN_EMPTY_BODY = YES;
				CLANG_WARN_ENUM_CONVERSION = YES;
				CLANG_WARN_INFINITE_RECURSION = YES;
				CLANG_WARN_INT_CONVERSION = YES;
				CLANG_WARN_NON_LITERAL_NULL_CONVERSION = YES;
				CLANG_WARN_OBJC_LITERAL_CONVERSION = YES;
				CLANG_WARN_OBJC_ROOT_CLASS = YES_ERROR;
				CLANG_WARN_RANGE_LOOP_ANALYSIS = YES;
				CLANG_WARN_STRICT_PROTOTYPES = YES;
				CLANG_WARN_SUSPICIOUS_MOVE = YES;
				CLANG_WARN_UNGUARDED_AVAILABILITY = YES_AGGRESSIVE;
				CLANG_WARN_UNREACHABLE_CODE = YES;
				CLANG_WARN__DUPLICATE_METHOD_MATCH = YES;
				CODE_SIGN_IDENTITY = "iPhone Developer";
				COPY_PHASE_STRIP = NO;
				DEBUG_INFORMATION_FORMAT = dwarf;
				ENABLE_STRICT_OBJC_MSGSEND = YES;
				ENABLE_TESTABILITY = YES;
				GCC_C_LANGUAGE_STANDARD = gnu11;
				GCC_DYNAMIC_NO_PIC = NO;
				GCC_NO_COMMON_BLOCKS = YES;
				GCC_OPTIMIZATION_LEVEL = 0;
				GCC_PREPROCESSOR_DEFINITIONS = (
					"DEBUG=1",
					"$(inherited)",
				);
				GCC_WARN_64_TO_32_BIT_CONVERSION = YES;
				GCC_WARN_ABOUT_RETURN_TYPE = YES_ERROR;
				GCC_WARN_UNDECLARED_SELECTOR = YES;
				GCC_WARN_UNINITIALIZED_AUTOS = YES_AGGRESSIVE;
				GCC_WARN_UNUSED_FUNCTION = YES;
				GCC_WARN_UNUSED_VARIABLE = YES;
				IPHONEOS_DEPLOYMENT_TARGET = 11.0;
				MTL_ENABLE_DEBUG_INFO = YES;
				ONLY_ACTIVE_ARCH = YES;
				SDKROOT = iphoneos;
				SWIFT_ACTIVE_COMPILATION_CONDITIONS = DEBUG;
				SWIFT_OPTIMIZATION_LEVEL = "-Onone";
			};
			name = Debug;
		};
		6059B9A61F87FDA900280D4E /* Release */ = {
			isa = XCBuildConfiguration;
			buildSettings = {
				ALWAYS_SEARCH_USER_PATHS = NO;
				CLANG_ANALYZER_NONNULL = YES;
				CLANG_ANALYZER_NUMBER_OBJECT_CONVERSION = YES_AGGRESSIVE;
				CLANG_CXX_LANGUAGE_STANDARD = "gnu++14";
				CLANG_CXX_LIBRARY = "libc++";
				CLANG_ENABLE_MODULES = YES;
				CLANG_ENABLE_OBJC_ARC = YES;
				CLANG_WARN_BLOCK_CAPTURE_AUTORELEASING = YES;
				CLANG_WARN_BOOL_CONVERSION = YES;
				CLANG_WARN_COMMA = YES;
				CLANG_WARN_CONSTANT_CONVERSION = YES;
				CLANG_WARN_DIRECT_OBJC_ISA_USAGE = YES_ERROR;
				CLANG_WARN_DOCUMENTATION_COMMENTS = YES;
				CLANG_WARN_EMPTY_BODY = YES;
				CLANG_WARN_ENUM_CONVERSION = YES;
				CLANG_WARN_INFINITE_RECURSION = YES;
				CLANG_WARN_INT_CONVERSION = YES;
				CLANG_WARN_NON_LITERAL_NULL_CONVERSION = YES;
				CLANG_WARN_OBJC_LITERAL_CONVERSION = YES;
				CLANG_WARN_OBJC_ROOT_CLASS = YES_ERROR;
				CLANG_WARN_RANGE_LOOP_ANALYSIS = YES;
				CLANG_WARN_STRICT_PROTOTYPES = YES;
				CLANG_WARN_SUSPICIOUS_MOVE = YES;
				CLANG_WARN_UNGUARDED_AVAILABILITY = YES_AGGRESSIVE;
				CLANG_WARN_UNREACHABLE_CODE = YES;
				CLANG_WARN__DUPLICATE_METHOD_MATCH = YES;
				CODE_SIGN_IDENTITY = "iPhone Developer";
				COPY_PHASE_STRIP = NO;
				DEBUG_INFORMATION_FORMAT = "dwarf-with-dsym";
				ENABLE_NS_ASSERTIONS = NO;
				ENABLE_STRICT_OBJC_MSGSEND = YES;
				GCC_C_LANGUAGE_STANDARD = gnu11;
				GCC_NO_COMMON_BLOCKS = YES;
				GCC_WARN_64_TO_32_BIT_CONVERSION = YES;
				GCC_WARN_ABOUT_RETURN_TYPE = YES_ERROR;
				GCC_WARN_UNDECLARED_SELECTOR = YES;
				GCC_WARN_UNINITIALIZED_AUTOS = YES_AGGRESSIVE;
				GCC_WARN_UNUSED_FUNCTION = YES;
				GCC_WARN_UNUSED_VARIABLE = YES;
				IPHONEOS_DEPLOYMENT_TARGET = 11.0;
				MTL_ENABLE_DEBUG_INFO = NO;
				SDKROOT = iphoneos;
				SWIFT_OPTIMIZATION_LEVEL = "-Owholemodule";
				VALIDATE_PRODUCT = YES;
			};
			name = Release;
		};
		6059B9A81F87FDA900280D4E /* Debug */ = {
			isa = XCBuildConfiguration;
			baseConfigurationReference = EE37D112EC0725C1AD7A901E /* Pods-NearMe.debug.xcconfig */;
			buildSettings = {
				ASSETCATALOG_COMPILER_APPICON_NAME = AppIcon;
				"CODE_SIGN_IDENTITY[sdk=iphoneos*]" = "iPhone Developer";
				CODE_SIGN_STYLE = Automatic;
				DEVELOPMENT_TEAM = M73SU669F4;
				INFOPLIST_FILE = NearMe/Info.plist;
				IPHONEOS_DEPLOYMENT_TARGET = 11.0;
				LD_RUNPATH_SEARCH_PATHS = "$(inherited) @executable_path/Frameworks";
				PRODUCT_BUNDLE_IDENTIFIER = ycyteam.NearMe;
				PRODUCT_NAME = "$(TARGET_NAME)";
				PROVISIONING_PROFILE_SPECIFIER = "";
				SWIFT_VERSION = 4.0;
				TARGETED_DEVICE_FAMILY = "1,2";
			};
			name = Debug;
		};
		6059B9A91F87FDA900280D4E /* Release */ = {
			isa = XCBuildConfiguration;
			baseConfigurationReference = D34B42FC7A6050B9C027FBAB /* Pods-NearMe.release.xcconfig */;
			buildSettings = {
				ASSETCATALOG_COMPILER_APPICON_NAME = AppIcon;
				"CODE_SIGN_IDENTITY[sdk=iphoneos*]" = "iPhone Developer";
				CODE_SIGN_STYLE = Automatic;
				DEVELOPMENT_TEAM = M73SU669F4;
				INFOPLIST_FILE = NearMe/Info.plist;
				IPHONEOS_DEPLOYMENT_TARGET = 11.0;
				LD_RUNPATH_SEARCH_PATHS = "$(inherited) @executable_path/Frameworks";
				PRODUCT_BUNDLE_IDENTIFIER = ycyteam.NearMe;
				PRODUCT_NAME = "$(TARGET_NAME)";
				PROVISIONING_PROFILE_SPECIFIER = "";
				SWIFT_VERSION = 4.0;
				TARGETED_DEVICE_FAMILY = "1,2";
			};
			name = Release;
		};
		6059B9AB1F87FDA900280D4E /* Debug */ = {
			isa = XCBuildConfiguration;
			baseConfigurationReference = 6396F2D10D223E9498404B37 /* Pods-NearMeTests.debug.xcconfig */;
			buildSettings = {
				ALWAYS_EMBED_SWIFT_STANDARD_LIBRARIES = YES;
				BUNDLE_LOADER = "$(TEST_HOST)";
				CODE_SIGN_STYLE = Automatic;
				INFOPLIST_FILE = NearMeTests/Info.plist;
				LD_RUNPATH_SEARCH_PATHS = "$(inherited) @executable_path/Frameworks @loader_path/Frameworks";
				PRODUCT_BUNDLE_IDENTIFIER = ycyteam.NearMeTests;
				PRODUCT_NAME = "$(TARGET_NAME)";
				SWIFT_VERSION = 4.0;
				TARGETED_DEVICE_FAMILY = "1,2";
				TEST_HOST = "$(BUILT_PRODUCTS_DIR)/NearMe.app/NearMe";
			};
			name = Debug;
		};
		6059B9AC1F87FDA900280D4E /* Release */ = {
			isa = XCBuildConfiguration;
			baseConfigurationReference = 257F302A1E9F365D4524E292 /* Pods-NearMeTests.release.xcconfig */;
			buildSettings = {
				ALWAYS_EMBED_SWIFT_STANDARD_LIBRARIES = YES;
				BUNDLE_LOADER = "$(TEST_HOST)";
				CODE_SIGN_STYLE = Automatic;
				INFOPLIST_FILE = NearMeTests/Info.plist;
				LD_RUNPATH_SEARCH_PATHS = "$(inherited) @executable_path/Frameworks @loader_path/Frameworks";
				PRODUCT_BUNDLE_IDENTIFIER = ycyteam.NearMeTests;
				PRODUCT_NAME = "$(TARGET_NAME)";
				SWIFT_VERSION = 4.0;
				TARGETED_DEVICE_FAMILY = "1,2";
				TEST_HOST = "$(BUILT_PRODUCTS_DIR)/NearMe.app/NearMe";
			};
			name = Release;
		};
		6059B9AE1F87FDA900280D4E /* Debug */ = {
			isa = XCBuildConfiguration;
			baseConfigurationReference = 268B40A1C9F18623DD508DA0 /* Pods-NearMeUITests.debug.xcconfig */;
			buildSettings = {
				ALWAYS_EMBED_SWIFT_STANDARD_LIBRARIES = YES;
				CODE_SIGN_STYLE = Automatic;
				INFOPLIST_FILE = NearMeUITests/Info.plist;
				LD_RUNPATH_SEARCH_PATHS = "$(inherited) @executable_path/Frameworks @loader_path/Frameworks";
				PRODUCT_BUNDLE_IDENTIFIER = ycyteam.NearMeUITests;
				PRODUCT_NAME = "$(TARGET_NAME)";
				SWIFT_VERSION = 4.0;
				TARGETED_DEVICE_FAMILY = "1,2";
				TEST_TARGET_NAME = NearMe;
			};
			name = Debug;
		};
		6059B9AF1F87FDA900280D4E /* Release */ = {
			isa = XCBuildConfiguration;
			baseConfigurationReference = 319BB219EAA2E030C4A7435D /* Pods-NearMeUITests.release.xcconfig */;
			buildSettings = {
				ALWAYS_EMBED_SWIFT_STANDARD_LIBRARIES = YES;
				CODE_SIGN_STYLE = Automatic;
				INFOPLIST_FILE = NearMeUITests/Info.plist;
				LD_RUNPATH_SEARCH_PATHS = "$(inherited) @executable_path/Frameworks @loader_path/Frameworks";
				PRODUCT_BUNDLE_IDENTIFIER = ycyteam.NearMeUITests;
				PRODUCT_NAME = "$(TARGET_NAME)";
				SWIFT_VERSION = 4.0;
				TARGETED_DEVICE_FAMILY = "1,2";
				TEST_TARGET_NAME = NearMe;
			};
			name = Release;
		};
/* End XCBuildConfiguration section */

/* Begin XCConfigurationList section */
		6059B97A1F87FDA900280D4E /* Build configuration list for PBXProject "NearMe" */ = {
			isa = XCConfigurationList;
			buildConfigurations = (
				6059B9A51F87FDA900280D4E /* Debug */,
				6059B9A61F87FDA900280D4E /* Release */,
			);
			defaultConfigurationIsVisible = 0;
			defaultConfigurationName = Release;
		};
		6059B9A71F87FDA900280D4E /* Build configuration list for PBXNativeTarget "NearMe" */ = {
			isa = XCConfigurationList;
			buildConfigurations = (
				6059B9A81F87FDA900280D4E /* Debug */,
				6059B9A91F87FDA900280D4E /* Release */,
			);
			defaultConfigurationIsVisible = 0;
			defaultConfigurationName = Release;
		};
		6059B9AA1F87FDA900280D4E /* Build configuration list for PBXNativeTarget "NearMeTests" */ = {
			isa = XCConfigurationList;
			buildConfigurations = (
				6059B9AB1F87FDA900280D4E /* Debug */,
				6059B9AC1F87FDA900280D4E /* Release */,
			);
			defaultConfigurationIsVisible = 0;
			defaultConfigurationName = Release;
		};
		6059B9AD1F87FDA900280D4E /* Build configuration list for PBXNativeTarget "NearMeUITests" */ = {
			isa = XCConfigurationList;
			buildConfigurations = (
				6059B9AE1F87FDA900280D4E /* Debug */,
				6059B9AF1F87FDA900280D4E /* Release */,
			);
			defaultConfigurationIsVisible = 0;
			defaultConfigurationName = Release;
		};
/* End XCConfigurationList section */

/* Begin XCVersionGroup section */
		98A1A0AD1F99E3C1009B9971 /* NearMe.xcdatamodeld */ = {
			isa = XCVersionGroup;
			children = (
				98A1A0AE1F99E3C1009B9971 /* NearMe.xcdatamodel */,
			);
			currentVersion = 98A1A0AE1F99E3C1009B9971 /* NearMe.xcdatamodel */;
			path = NearMe.xcdatamodeld;
			sourceTree = "<group>";
			versionGroupType = wrapper.xcdatamodel;
		};
/* End XCVersionGroup section */
	};
	rootObject = 6059B9771F87FDA900280D4E /* Project object */;
}
